
Microsoft Visual Studio Solution File, Format Version 12.00
# Visual Studio 14
VisualStudioVersion = 14.0.25420.1
MinimumVisualStudioVersion = 10.0.40219.1
Project("{8BC9CEB8-8B4A-11D0-8D11-00A0C91BC942}") = "asapp", "asapp\asapp.vcxproj", "{8748AB1F-9748-40D1-A69D-452D3D953AAE}"
EndProject
Project("{8BC9CEB8-8B4A-11D0-8D11-00A0C91BC942}") = "aslauncher", "aslauncher\aslauncher.vcxproj", "{A78BB132-F997-4233-9987-C81C19CE7374}"
EndProject
Project("{8BC9CEB8-8B4A-11D0-8D11-00A0C91BC942}") = "asdrv", "asdrv\asdrv.vcxproj", "{01BB7E04-4BAF-46E5-A987-849072B2197D}"
EndProject
Global
	GlobalSection(SolutionConfigurationPlatforms) = preSolution
		Debug|x64 = Debug|x64
		Debug|x86 = Debug|x86
		Release|x64 = Release|x64
		Release|x86 = Release|x86
	EndGlobalSection
	GlobalSection(ProjectConfigurationPlatforms) = postSolution
		{8748AB1F-9748-40D1-A69D-452D3D953AAE}.Debug|x64.ActiveCfg = Debug|x64
		{8748AB1F-9748-40D1-A69D-452D3D953AAE}.Debug|x64.Build.0 = Debug|x64
		{8748AB1F-9748-40D1-A69D-452D3D953AAE}.Debug|x86.ActiveCfg = Debug|Win32
		{8748AB1F-9748-40D1-A69D-452D3D953AAE}.Debug|x86.Build.0 = Debug|Win32
		{8748AB1F-9748-40D1-A69D-452D3D953AAE}.Debug|x86.Deploy.0 = Debug|Win32
		{8748AB1F-9748-40D1-A69D-452D3D953AAE}.Release|x64.ActiveCfg = Release|x64
		{8748AB1F-9748-40D1-A69D-452D3D953AAE}.Release|x64.Build.0 = Release|x64
		{8748AB1F-9748-40D1-A69D-452D3D953AAE}.Release|x86.ActiveCfg = Release|Win32
		{8748AB1F-9748-40D1-A69D-452D3D953AAE}.Release|x86.Build.0 = Release|Win32
		{8748AB1F-9748-40D1-A69D-452D3D953AAE}.Release|x86.Deploy.0 = Release|Win32
		{A78BB132-F997-4233-9987-C81C19CE7374}.Debug|x64.ActiveCfg = Debug|x64
		{A78BB132-F997-4233-9987-C81C19CE7374}.Debug|x64.Build.0 = Debug|x64
		{A78BB132-F997-4233-9987-C81C19CE7374}.Debug|x64.Deploy.0 = Debug|x64
		{A78BB132-F997-4233-9987-C81C19CE7374}.Debug|x86.ActiveCfg = Debug|Win32
		{A78BB132-F997-4233-9987-C81C19CE7374}.Debug|x86.Build.0 = Debug|Win32
		{A78BB132-F997-4233-9987-C81C19CE7374}.Debug|x86.Deploy.0 = Debug|Win32
		{A78BB132-F997-4233-9987-C81C19CE7374}.Release|x64.ActiveCfg = Release|x64
		{A78BB132-F997-4233-9987-C81C19CE7374}.Release|x64.Build.0 = Release|x64
		{A78BB132-F997-4233-9987-C81C19CE7374}.Release|x64.Deploy.0 = Release|x64
		{A78BB132-F997-4233-9987-C81C19CE7374}.Release|x86.ActiveCfg = Release|Win32
		{A78BB132-F997-4233-9987-C81C19CE7374}.Release|x86.Build.0 = Release|Win32
		{A78BB132-F997-4233-9987-C81C19CE7374}.Release|x86.Deploy.0 = Release|Win32
		{01BB7E04-4BAF-46E5-A987-849072B2197D}.Debug|x64.ActiveCfg = Debug|x64
		{01BB7E04-4BAF-46E5-A987-849072B2197D}.Debug|x64.Build.0 = Debug|x64
		{01BB7E04-4BAF-46E5-A987-849072B2197D}.Debug|x64.Deploy.0 = Debug|x64
		{01BB7E04-4BAF-46E5-A987-849072B2197D}.Debug|x86.ActiveCfg = Debug|Win32
		{01BB7E04-4BAF-46E5-A987-849072B2197D}.Debug|x86.Build.0 = Debug|Win32
		{01BB7E04-4BAF-46E5-A987-849072B2197D}.Debug|x86.Deploy.0 = Debug|Win32
		{01BB7E04-4BAF-46E5-A987-849072B2197D}.Release|x64.ActiveCfg = Release|x64
		{01BB7E04-4BAF-46E5-A987-849072B2197D}.Release|x64.Build.0 = Release|x64
		{01BB7E04-4BAF-46E5-A987-849072B2197D}.Release|x64.Deploy.0 = Release|x64
		{01BB7E04-4BAF-46E5-A987-849072B2197D}.Release|x86.ActiveCfg = Release|Win32
		{01BB7E04-4BAF-46E5-A987-849072B2197D}.Release|x86.Build.0 = Release|Win32
		{01BB7E04-4BAF-46E5-A987-849072B2197D}.Release|x86.Deploy.0 = Release|Win32
	EndGlobalSection
	GlobalSection(SolutionProperties) = preSolution
		HideSolutionNode = FALSE
	EndGlobalSection
EndGlobal
